
Microsoft Visual Studio Solution File, Format Version 12.00
# Visual Studio Version 17
VisualStudioVersion = 17.7.34221.43
MinimumVisualStudioVersion = 10.0.40219.1
Project("{FAE04EC0-301F-11D3-BF4B-00C04F79EFBC}") = "Assignment5_Voglewede_Woods", "Assignment5_Voglewede_Woods.csproj", "{6EE45D7D-9960-45D0-8D00-CA7D1D9F4D30}"
EndProject
Global
	GlobalSection(SolutionConfigurationPlatforms) = preSolution
		Debug|Any CPU = Debug|Any CPU
		Release|Any CPU = Release|Any CPU
	EndGlobalSection
	GlobalSection(ProjectConfigurationPlatforms) = postSolution
		{6EE45D7D-9960-45D0-8D00-CA7D1D9F4D30}.Debug|Any CPU.ActiveCfg = Debug|Any CPU
		{6EE45D7D-9960-45D0-8D00-CA7D1D9F4D30}.Debug|Any CPU.Build.0 = Debug|Any CPU
		{6EE45D7D-9960-45D0-8D00-CA7D1D9F4D30}.Release|Any CPU.ActiveCfg = Release|Any CPU
		{6EE45D7D-9960-45D0-8D00-CA7D1D9F4D30}.Release|Any CPU.Build.0 = Release|Any CPU
	EndGlobalSection
	GlobalSection(SolutionProperties) = preSolution
		HideSolutionNode = FALSE
	EndGlobalSection
	GlobalSection(ExtensibilityGlobals) = postSolution
		SolutionGuid = {A271F2DD-C586-49F7-B66A-54CB077A7392}
	EndGlobalSection
EndGlobal
